
Microsoft Visual Studio Solution File, Format Version 12.00
# Visual Studio Version 17
VisualStudioVersion = 17.6.33801.468
MinimumVisualStudioVersion = 10.0.40219.1
Project("{FAE04EC0-301F-11D3-BF4B-00C04F79EFBC}") = "BiblioBinome", "BiblioBinome\BiblioBinome.csproj", "{22161287-105E-4C28-810E-E01838633418}"
EndProject
Project("{FAE04EC0-301F-11D3-BF4B-00C04F79EFBC}") = "BinomeTest", "BinomeTest\BinomeTest.csproj", "{F8431878-56BE-419E-A57C-94101B443555}"
EndProject
Global
	GlobalSection(SolutionConfigurationPlatforms) = preSolution
		Debug|Any CPU = Debug|Any CPU
		Release|Any CPU = Release|Any CPU
	EndGlobalSection
	GlobalSection(ProjectConfigurationPlatforms) = postSolution
		{22161287-105E-4C28-810E-E01838633418}.Debug|Any CPU.ActiveCfg = Debug|Any CPU
		{22161287-105E-4C28-810E-E01838633418}.Debug|Any CPU.Build.0 = Debug|Any CPU
		{22161287-105E-4C28-810E-E01838633418}.Release|Any CPU.ActiveCfg = Release|Any CPU
		{22161287-105E-4C28-810E-E01838633418}.Release|Any CPU.Build.0 = Release|Any CPU
		{F8431878-56BE-419E-A57C-94101B443555}.Debug|Any CPU.ActiveCfg = Debug|Any CPU
		{F8431878-56BE-419E-A57C-94101B443555}.Debug|Any CPU.Build.0 = Debug|Any CPU
		{F8431878-56BE-419E-A57C-94101B443555}.Release|Any CPU.ActiveCfg = Release|Any CPU
		{F8431878-56BE-419E-A57C-94101B443555}.Release|Any CPU.Build.0 = Release|Any CPU
	EndGlobalSection
	GlobalSection(SolutionProperties) = preSolution
		HideSolutionNode = FALSE
	EndGlobalSection
	GlobalSection(ExtensibilityGlobals) = postSolution
		SolutionGuid = {5B2BBF61-A46B-4A44-B58E-EC0A8687D8D4}
	EndGlobalSection
EndGlobal
